
Microsoft Visual Studio Solution File, Format Version 12.00
# Visual Studio 15
VisualStudioVersion = 15.0.27130.2003
MinimumVisualStudioVersion = 10.0.40219.1
Project("{FAE04EC0-301F-11D3-BF4B-00C04F79EFBC}") = "Exam exercises", "Exam exercises\Exam exercises.csproj", "{B29C1844-4B9F-4617-9ADC-5890A99881D6}"
EndProject
Project("{FAE04EC0-301F-11D3-BF4B-00C04F79EFBC}") = "pipe in pool", "pipe in pool\pipe in pool.csproj", "{ACA0D6E0-CD05-4C12-8AD3-4C88DE79A0EC}"
EndProject
Global
	GlobalSection(SolutionConfigurationPlatforms) = preSolution
		Debug|Any CPU = Debug|Any CPU
		Release|Any CPU = Release|Any CPU
	EndGlobalSection
	GlobalSection(ProjectConfigurationPlatforms) = postSolution
		{B29C1844-4B9F-4617-9ADC-5890A99881D6}.Debug|Any CPU.ActiveCfg = Debug|Any CPU
		{B29C1844-4B9F-4617-9ADC-5890A99881D6}.Debug|Any CPU.Build.0 = Debug|Any CPU
		{B29C1844-4B9F-4617-9ADC-5890A99881D6}.Release|Any CPU.ActiveCfg = Release|Any CPU
		{B29C1844-4B9F-4617-9ADC-5890A99881D6}.Release|Any CPU.Build.0 = Release|Any CPU
		{ACA0D6E0-CD05-4C12-8AD3-4C88DE79A0EC}.Debug|Any CPU.ActiveCfg = Debug|Any CPU
		{ACA0D6E0-CD05-4C12-8AD3-4C88DE79A0EC}.Debug|Any CPU.Build.0 = Debug|Any CPU
		{ACA0D6E0-CD05-4C12-8AD3-4C88DE79A0EC}.Release|Any CPU.ActiveCfg = Release|Any CPU
		{ACA0D6E0-CD05-4C12-8AD3-4C88DE79A0EC}.Release|Any CPU.Build.0 = Release|Any CPU
	EndGlobalSection
	GlobalSection(SolutionProperties) = preSolution
		HideSolutionNode = FALSE
	EndGlobalSection
	GlobalSection(ExtensibilityGlobals) = postSolution
		SolutionGuid = {35408415-4850-42E5-968C-D23537C9303C}
	EndGlobalSection
EndGlobal
