
Microsoft Visual Studio Solution File, Format Version 12.00
# Visual Studio 15
VisualStudioVersion = 15.0.28307.136
MinimumVisualStudioVersion = 10.0.40219.1
Project("{FAE04EC0-301F-11D3-BF4B-00C04F79EFBC}") = "03. Chore Wars", "03. Chore Wars\03. Chore Wars.csproj", "{B068B96C-10E1-4783-BC19-29384D5B8A56}"
EndProject
Global
	GlobalSection(SolutionConfigurationPlatforms) = preSolution
		Debug|Any CPU = Debug|Any CPU
		Release|Any CPU = Release|Any CPU
	EndGlobalSection
	GlobalSection(ProjectConfigurationPlatforms) = postSolution
		{B068B96C-10E1-4783-BC19-29384D5B8A56}.Debug|Any CPU.ActiveCfg = Debug|Any CPU
		{B068B96C-10E1-4783-BC19-29384D5B8A56}.Debug|Any CPU.Build.0 = Debug|Any CPU
		{B068B96C-10E1-4783-BC19-29384D5B8A56}.Release|Any CPU.ActiveCfg = Release|Any CPU
		{B068B96C-10E1-4783-BC19-29384D5B8A56}.Release|Any CPU.Build.0 = Release|Any CPU
	EndGlobalSection
	GlobalSection(SolutionProperties) = preSolution
		HideSolutionNode = FALSE
	EndGlobalSection
	GlobalSection(ExtensibilityGlobals) = postSolution
		SolutionGuid = {3BD73F7D-23E6-4B69-B7DA-5602B886A58D}
	EndGlobalSection
EndGlobal
