
Microsoft Visual Studio Solution File, Format Version 12.00
# Visual Studio 15
VisualStudioVersion = 15.0.28307.329
MinimumVisualStudioVersion = 10.0.40219.1
Project("{FAE04EC0-301F-11D3-BF4B-00C04F79EFBC}") = "02.GenericBoxOfInts", "02.GenericBoxOfInts\02.GenericBoxOfInts.csproj", "{2A4F77DB-E004-42FC-9D9D-32C7A31A888E}"
EndProject
Project("{FAE04EC0-301F-11D3-BF4B-00C04F79EFBC}") = "03.GenericSwapMethodString", "03.GenericSwapMethodString\03.GenericSwapMethodString.csproj", "{D0A60A11-29AB-421A-91D5-F73CE7788885}"
EndProject
Project("{FAE04EC0-301F-11D3-BF4B-00C04F79EFBC}") = "05.GenericCountMethodString", "05.GenericCountMethodString\05.GenericCountMethodString.csproj", "{7CABF1F8-5530-4D5E-A340-EFD024B5BFC3}"
EndProject
Project("{FAE04EC0-301F-11D3-BF4B-00C04F79EFBC}") = "07.Tuple", "07.Tuple\07.Tuple.csproj", "{38CE8BE2-5CFE-43CE-BED8-3E7CC31FF7C0}"
EndProject
Global
	GlobalSection(SolutionConfigurationPlatforms) = preSolution
		Debug|Any CPU = Debug|Any CPU
		Release|Any CPU = Release|Any CPU
	EndGlobalSection
	GlobalSection(ProjectConfigurationPlatforms) = postSolution
		{2A4F77DB-E004-42FC-9D9D-32C7A31A888E}.Debug|Any CPU.ActiveCfg = Debug|Any CPU
		{2A4F77DB-E004-42FC-9D9D-32C7A31A888E}.Debug|Any CPU.Build.0 = Debug|Any CPU
		{2A4F77DB-E004-42FC-9D9D-32C7A31A888E}.Release|Any CPU.ActiveCfg = Release|Any CPU
		{2A4F77DB-E004-42FC-9D9D-32C7A31A888E}.Release|Any CPU.Build.0 = Release|Any CPU
		{D0A60A11-29AB-421A-91D5-F73CE7788885}.Debug|Any CPU.ActiveCfg = Debug|Any CPU
		{D0A60A11-29AB-421A-91D5-F73CE7788885}.Debug|Any CPU.Build.0 = Debug|Any CPU
		{D0A60A11-29AB-421A-91D5-F73CE7788885}.Release|Any CPU.ActiveCfg = Release|Any CPU
		{D0A60A11-29AB-421A-91D5-F73CE7788885}.Release|Any CPU.Build.0 = Release|Any CPU
		{7CABF1F8-5530-4D5E-A340-EFD024B5BFC3}.Debug|Any CPU.ActiveCfg = Debug|Any CPU
		{7CABF1F8-5530-4D5E-A340-EFD024B5BFC3}.Debug|Any CPU.Build.0 = Debug|Any CPU
		{7CABF1F8-5530-4D5E-A340-EFD024B5BFC3}.Release|Any CPU.ActiveCfg = Release|Any CPU
		{7CABF1F8-5530-4D5E-A340-EFD024B5BFC3}.Release|Any CPU.Build.0 = Release|Any CPU
		{38CE8BE2-5CFE-43CE-BED8-3E7CC31FF7C0}.Debug|Any CPU.ActiveCfg = Debug|Any CPU
		{38CE8BE2-5CFE-43CE-BED8-3E7CC31FF7C0}.Debug|Any CPU.Build.0 = Debug|Any CPU
		{38CE8BE2-5CFE-43CE-BED8-3E7CC31FF7C0}.Release|Any CPU.ActiveCfg = Release|Any CPU
		{38CE8BE2-5CFE-43CE-BED8-3E7CC31FF7C0}.Release|Any CPU.Build.0 = Release|Any CPU
	EndGlobalSection
	GlobalSection(SolutionProperties) = preSolution
		HideSolutionNode = FALSE
	EndGlobalSection
	GlobalSection(ExtensibilityGlobals) = postSolution
		SolutionGuid = {4E38EC02-E7AB-4E61-AA24-ECFECBA02F72}
	EndGlobalSection
EndGlobal
