
Microsoft Visual Studio Solution File, Format Version 12.00
# Visual Studio 15
VisualStudioVersion = 15.0.28307.329
MinimumVisualStudioVersion = 10.0.40219.1
Project("{9A19103F-16F7-4668-BE54-9A1E7A4F7556}") = "01. Class Box", "01. Class Box\01. Class Box.csproj", "{6BC06B20-8679-4E71-B41E-AF2DF781D36D}"
EndProject
Project("{9A19103F-16F7-4668-BE54-9A1E7A4F7556}") = "02. Class Box Data Validation", "02. Class Box Data Validation\02. Class Box Data Validation.csproj", "{5F57141E-E2EE-4FA4-8DCD-F7160D18D5BD}"
EndProject
Project("{FAE04EC0-301F-11D3-BF4B-00C04F79EFBC}") = "04.ShoppingSpree", "04. Shopping Spree\04.ShoppingSpree.csproj", "{52F31BA4-ADF0-4A77-B1CC-63FCDF63EA98}"
EndProject
Global
	GlobalSection(SolutionConfigurationPlatforms) = preSolution
		Debug|Any CPU = Debug|Any CPU
		Release|Any CPU = Release|Any CPU
	EndGlobalSection
	GlobalSection(ProjectConfigurationPlatforms) = postSolution
		{6BC06B20-8679-4E71-B41E-AF2DF781D36D}.Debug|Any CPU.ActiveCfg = Debug|Any CPU
		{6BC06B20-8679-4E71-B41E-AF2DF781D36D}.Debug|Any CPU.Build.0 = Debug|Any CPU
		{6BC06B20-8679-4E71-B41E-AF2DF781D36D}.Release|Any CPU.ActiveCfg = Release|Any CPU
		{6BC06B20-8679-4E71-B41E-AF2DF781D36D}.Release|Any CPU.Build.0 = Release|Any CPU
		{5F57141E-E2EE-4FA4-8DCD-F7160D18D5BD}.Debug|Any CPU.ActiveCfg = Debug|Any CPU
		{5F57141E-E2EE-4FA4-8DCD-F7160D18D5BD}.Debug|Any CPU.Build.0 = Debug|Any CPU
		{5F57141E-E2EE-4FA4-8DCD-F7160D18D5BD}.Release|Any CPU.ActiveCfg = Release|Any CPU
		{5F57141E-E2EE-4FA4-8DCD-F7160D18D5BD}.Release|Any CPU.Build.0 = Release|Any CPU
		{52F31BA4-ADF0-4A77-B1CC-63FCDF63EA98}.Debug|Any CPU.ActiveCfg = Debug|Any CPU
		{52F31BA4-ADF0-4A77-B1CC-63FCDF63EA98}.Debug|Any CPU.Build.0 = Debug|Any CPU
		{52F31BA4-ADF0-4A77-B1CC-63FCDF63EA98}.Release|Any CPU.ActiveCfg = Release|Any CPU
		{52F31BA4-ADF0-4A77-B1CC-63FCDF63EA98}.Release|Any CPU.Build.0 = Release|Any CPU
	EndGlobalSection
	GlobalSection(SolutionProperties) = preSolution
		HideSolutionNode = FALSE
	EndGlobalSection
	GlobalSection(ExtensibilityGlobals) = postSolution
		SolutionGuid = {B96F0508-7973-41E8-B51F-92127587FC05}
	EndGlobalSection
EndGlobal
