
Microsoft Visual Studio Solution File, Format Version 12.00
# Visual Studio 15
VisualStudioVersion = 15.0.26730.16
MinimumVisualStudioVersion = 10.0.40219.1
Project("{9A19103F-16F7-4668-BE54-9A1E7A4F7556}") = "ProjectRider.App", "ProjectRider.App\ProjectRider.App.csproj", "{3881ADF4-AF8C-421F-9177-E25663A2CDAD}"
EndProject
Global
	GlobalSection(SolutionConfigurationPlatforms) = preSolution
		Debug|Any CPU = Debug|Any CPU
		Release|Any CPU = Release|Any CPU
	EndGlobalSection
	GlobalSection(ProjectConfigurationPlatforms) = postSolution
		{3881ADF4-AF8C-421F-9177-E25663A2CDAD}.Debug|Any CPU.ActiveCfg = Debug|Any CPU
		{3881ADF4-AF8C-421F-9177-E25663A2CDAD}.Debug|Any CPU.Build.0 = Debug|Any CPU
		{3881ADF4-AF8C-421F-9177-E25663A2CDAD}.Release|Any CPU.ActiveCfg = Release|Any CPU
		{3881ADF4-AF8C-421F-9177-E25663A2CDAD}.Release|Any CPU.Build.0 = Release|Any CPU
	EndGlobalSection
	GlobalSection(SolutionProperties) = preSolution
		HideSolutionNode = FALSE
	EndGlobalSection
	GlobalSection(ExtensibilityGlobals) = postSolution
		SolutionGuid = {3DC46684-3A13-4204-90F4-11D9E07F80BF}
	EndGlobalSection
EndGlobal
