
Microsoft Visual Studio Solution File, Format Version 12.00
# Visual Studio 15
VisualStudioVersion = 15.0.28307.106
MinimumVisualStudioVersion = 10.0.40219.1
Project("{FAE04EC0-301F-11D3-BF4B-00C04F79EFBC}") = "FirstWebApp", "FirstWebApp\FirstWebApp.csproj", "{B6FD349F-95B2-4F57-9F08-E3CA7F8B1FEC}"
EndProject
Global
	GlobalSection(SolutionConfigurationPlatforms) = preSolution
		Debug|Any CPU = Debug|Any CPU
		Release|Any CPU = Release|Any CPU
	EndGlobalSection
	GlobalSection(ProjectConfigurationPlatforms) = postSolution
		{B6FD349F-95B2-4F57-9F08-E3CA7F8B1FEC}.Debug|Any CPU.ActiveCfg = Debug|Any CPU
		{B6FD349F-95B2-4F57-9F08-E3CA7F8B1FEC}.Debug|Any CPU.Build.0 = Debug|Any CPU
		{B6FD349F-95B2-4F57-9F08-E3CA7F8B1FEC}.Release|Any CPU.ActiveCfg = Release|Any CPU
		{B6FD349F-95B2-4F57-9F08-E3CA7F8B1FEC}.Release|Any CPU.Build.0 = Release|Any CPU
	EndGlobalSection
	GlobalSection(SolutionProperties) = preSolution
		HideSolutionNode = FALSE
	EndGlobalSection
	GlobalSection(ExtensibilityGlobals) = postSolution
		SolutionGuid = {FC1EB7D5-6888-436B-959E-4DBFD435233F}
	EndGlobalSection
EndGlobal
