
Microsoft Visual Studio Solution File, Format Version 12.00
# Visual Studio 15
VisualStudioVersion = 15.0.28307.329
MinimumVisualStudioVersion = 10.0.40219.1
Project("{9A19103F-16F7-4668-BE54-9A1E7A4F7556}") = "01.Vehicles", "01.Vehicles\01.Vehicles.csproj", "{7A807B99-4DC6-48CC-90C8-F42767A280AB}"
EndProject
Project("{FAE04EC0-301F-11D3-BF4B-00C04F79EFBC}") = "03.WildFarm", "03.WildFarm\03.WildFarm.csproj", "{F4E53BD8-FD20-472C-A628-42F13FC54060}"
EndProject
Global
	GlobalSection(SolutionConfigurationPlatforms) = preSolution
		Debug|Any CPU = Debug|Any CPU
		Release|Any CPU = Release|Any CPU
	EndGlobalSection
	GlobalSection(ProjectConfigurationPlatforms) = postSolution
		{7A807B99-4DC6-48CC-90C8-F42767A280AB}.Debug|Any CPU.ActiveCfg = Debug|Any CPU
		{7A807B99-4DC6-48CC-90C8-F42767A280AB}.Debug|Any CPU.Build.0 = Debug|Any CPU
		{7A807B99-4DC6-48CC-90C8-F42767A280AB}.Release|Any CPU.ActiveCfg = Release|Any CPU
		{7A807B99-4DC6-48CC-90C8-F42767A280AB}.Release|Any CPU.Build.0 = Release|Any CPU
		{F4E53BD8-FD20-472C-A628-42F13FC54060}.Debug|Any CPU.ActiveCfg = Debug|Any CPU
		{F4E53BD8-FD20-472C-A628-42F13FC54060}.Debug|Any CPU.Build.0 = Debug|Any CPU
		{F4E53BD8-FD20-472C-A628-42F13FC54060}.Release|Any CPU.ActiveCfg = Release|Any CPU
		{F4E53BD8-FD20-472C-A628-42F13FC54060}.Release|Any CPU.Build.0 = Release|Any CPU
	EndGlobalSection
	GlobalSection(SolutionProperties) = preSolution
		HideSolutionNode = FALSE
	EndGlobalSection
	GlobalSection(ExtensibilityGlobals) = postSolution
		SolutionGuid = {253D1ABA-C814-434B-88AD-A58041FF4F79}
	EndGlobalSection
EndGlobal
