
Microsoft Visual Studio Solution File, Format Version 12.00
# Visual Studio 15
VisualStudioVersion = 15.0.28307.329
MinimumVisualStudioVersion = 10.0.40219.1
Project("{FAE04EC0-301F-11D3-BF4B-00C04F79EFBC}") = "01.Library", "01.Library\01.Library.csproj", "{0240004E-972C-4849-82DD-52E01E058DEC}"
EndProject
Global
	GlobalSection(SolutionConfigurationPlatforms) = preSolution
		Debug|Any CPU = Debug|Any CPU
		Release|Any CPU = Release|Any CPU
	EndGlobalSection
	GlobalSection(ProjectConfigurationPlatforms) = postSolution
		{0240004E-972C-4849-82DD-52E01E058DEC}.Debug|Any CPU.ActiveCfg = Debug|Any CPU
		{0240004E-972C-4849-82DD-52E01E058DEC}.Debug|Any CPU.Build.0 = Debug|Any CPU
		{0240004E-972C-4849-82DD-52E01E058DEC}.Release|Any CPU.ActiveCfg = Release|Any CPU
		{0240004E-972C-4849-82DD-52E01E058DEC}.Release|Any CPU.Build.0 = Release|Any CPU
	EndGlobalSection
	GlobalSection(SolutionProperties) = preSolution
		HideSolutionNode = FALSE
	EndGlobalSection
	GlobalSection(ExtensibilityGlobals) = postSolution
		SolutionGuid = {DA72F47E-C9EA-40E5-844F-188D738497D2}
	EndGlobalSection
EndGlobal
