
Microsoft Visual Studio Solution File, Format Version 12.00
# Visual Studio Version 16
VisualStudioVersion = 16.0.31205.134
MinimumVisualStudioVersion = 10.0.40219.1
Project("{FAE04EC0-301F-11D3-BF4B-00C04F79EFBC}") = "01. Define a Class", "01. Define a Class\01. Define a Class.csproj", "{068ED20F-6B35-40D3-A54D-E9F9D43062A4}"
EndProject
Project("{9A19103F-16F7-4668-BE54-9A1E7A4F7556}") = "SoftUniParking", "..\SoftUniParking\SoftUniParking.csproj", "{576C3655-91EB-471F-8AA3-D34139BD45DD}"
EndProject
Global
	GlobalSection(SolutionConfigurationPlatforms) = preSolution
		Debug|Any CPU = Debug|Any CPU
		Release|Any CPU = Release|Any CPU
	EndGlobalSection
	GlobalSection(ProjectConfigurationPlatforms) = postSolution
		{068ED20F-6B35-40D3-A54D-E9F9D43062A4}.Debug|Any CPU.ActiveCfg = Debug|Any CPU
		{068ED20F-6B35-40D3-A54D-E9F9D43062A4}.Debug|Any CPU.Build.0 = Debug|Any CPU
		{068ED20F-6B35-40D3-A54D-E9F9D43062A4}.Release|Any CPU.ActiveCfg = Release|Any CPU
		{068ED20F-6B35-40D3-A54D-E9F9D43062A4}.Release|Any CPU.Build.0 = Release|Any CPU
		{576C3655-91EB-471F-8AA3-D34139BD45DD}.Debug|Any CPU.ActiveCfg = Debug|Any CPU
		{576C3655-91EB-471F-8AA3-D34139BD45DD}.Debug|Any CPU.Build.0 = Debug|Any CPU
		{576C3655-91EB-471F-8AA3-D34139BD45DD}.Release|Any CPU.ActiveCfg = Release|Any CPU
		{576C3655-91EB-471F-8AA3-D34139BD45DD}.Release|Any CPU.Build.0 = Release|Any CPU
	EndGlobalSection
	GlobalSection(SolutionProperties) = preSolution
		HideSolutionNode = FALSE
	EndGlobalSection
	GlobalSection(ExtensibilityGlobals) = postSolution
		SolutionGuid = {23EAAAD8-7652-47B2-8DF0-1FE1B30EECA8}
	EndGlobalSection
EndGlobal
