
Microsoft Visual Studio Solution File, Format Version 12.00
# Visual Studio Version 16
VisualStudioVersion = 16.0.31205.134
MinimumVisualStudioVersion = 10.0.40219.1
Project("{FAE04EC0-301F-11D3-BF4B-00C04F79EFBC}") = "1. Reverse Strings", "1. Reverse Strings\1. Reverse Strings.csproj", "{6E81E6CA-3E00-4CAE-A8DE-D3F3CAC05D49}"
EndProject
Project("{FAE04EC0-301F-11D3-BF4B-00C04F79EFBC}") = "2. Stack Sum", "2. Stack Sum\2. Stack Sum.csproj", "{1B43966F-1766-46EE-A23C-9A6512962615}"
EndProject
Project("{FAE04EC0-301F-11D3-BF4B-00C04F79EFBC}") = "3. Simple Calculator", "3. Simple Calculator\3. Simple Calculator.csproj", "{FDF8E4C1-B51D-4E7F-8BA6-BBC1EB79C7CF}"
EndProject
Global
	GlobalSection(SolutionConfigurationPlatforms) = preSolution
		Debug|Any CPU = Debug|Any CPU
		Release|Any CPU = Release|Any CPU
	EndGlobalSection
	GlobalSection(ProjectConfigurationPlatforms) = postSolution
		{6E81E6CA-3E00-4CAE-A8DE-D3F3CAC05D49}.Debug|Any CPU.ActiveCfg = Debug|Any CPU
		{6E81E6CA-3E00-4CAE-A8DE-D3F3CAC05D49}.Debug|Any CPU.Build.0 = Debug|Any CPU
		{6E81E6CA-3E00-4CAE-A8DE-D3F3CAC05D49}.Release|Any CPU.ActiveCfg = Release|Any CPU
		{6E81E6CA-3E00-4CAE-A8DE-D3F3CAC05D49}.Release|Any CPU.Build.0 = Release|Any CPU
		{1B43966F-1766-46EE-A23C-9A6512962615}.Debug|Any CPU.ActiveCfg = Debug|Any CPU
		{1B43966F-1766-46EE-A23C-9A6512962615}.Debug|Any CPU.Build.0 = Debug|Any CPU
		{1B43966F-1766-46EE-A23C-9A6512962615}.Release|Any CPU.ActiveCfg = Release|Any CPU
		{1B43966F-1766-46EE-A23C-9A6512962615}.Release|Any CPU.Build.0 = Release|Any CPU
		{FDF8E4C1-B51D-4E7F-8BA6-BBC1EB79C7CF}.Debug|Any CPU.ActiveCfg = Debug|Any CPU
		{FDF8E4C1-B51D-4E7F-8BA6-BBC1EB79C7CF}.Debug|Any CPU.Build.0 = Debug|Any CPU
		{FDF8E4C1-B51D-4E7F-8BA6-BBC1EB79C7CF}.Release|Any CPU.ActiveCfg = Release|Any CPU
		{FDF8E4C1-B51D-4E7F-8BA6-BBC1EB79C7CF}.Release|Any CPU.Build.0 = Release|Any CPU
	EndGlobalSection
	GlobalSection(SolutionProperties) = preSolution
		HideSolutionNode = FALSE
	EndGlobalSection
	GlobalSection(ExtensibilityGlobals) = postSolution
		SolutionGuid = {D4EE815C-E551-4C13-B3FB-FD467154BFB0}
	EndGlobalSection
EndGlobal
