
Microsoft Visual Studio Solution File, Format Version 12.00
# Visual Studio 15
VisualStudioVersion = 15.0.28307.329
MinimumVisualStudioVersion = 10.0.40219.1
Project("{FAE04EC0-301F-11D3-BF4B-00C04F79EFBC}") = "01. Club Party", "01. Club Party\01. Club Party.csproj", "{BD971AC7-6BCF-4151-9EEE-2117E7EBEEBC}"
EndProject
Global
	GlobalSection(SolutionConfigurationPlatforms) = preSolution
		Debug|Any CPU = Debug|Any CPU
		Release|Any CPU = Release|Any CPU
	EndGlobalSection
	GlobalSection(ProjectConfigurationPlatforms) = postSolution
		{BD971AC7-6BCF-4151-9EEE-2117E7EBEEBC}.Debug|Any CPU.ActiveCfg = Debug|Any CPU
		{BD971AC7-6BCF-4151-9EEE-2117E7EBEEBC}.Debug|Any CPU.Build.0 = Debug|Any CPU
		{BD971AC7-6BCF-4151-9EEE-2117E7EBEEBC}.Release|Any CPU.ActiveCfg = Release|Any CPU
		{BD971AC7-6BCF-4151-9EEE-2117E7EBEEBC}.Release|Any CPU.Build.0 = Release|Any CPU
	EndGlobalSection
	GlobalSection(SolutionProperties) = preSolution
		HideSolutionNode = FALSE
	EndGlobalSection
	GlobalSection(ExtensibilityGlobals) = postSolution
		SolutionGuid = {F5BEA1E8-CEDB-4531-B7EF-F8C45D73BDB8}
	EndGlobalSection
EndGlobal
