
Microsoft Visual Studio Solution File, Format Version 12.00
# Visual Studio Version 16
VisualStudioVersion = 16.0.29318.209
MinimumVisualStudioVersion = 10.0.40219.1
Project("{FAE04EC0-301F-11D3-BF4B-00C04F79EFBC}") = "Solution", "Solution\Solution.csproj", "{94A8E07A-E4D7-41E0-B211-74D275CD6E2A}"
EndProject
Project("{FAE04EC0-301F-11D3-BF4B-00C04F79EFBC}") = "01. Old Books", "01. Old Books\01. Old Books.csproj", "{5D1F5C98-16D3-4FD6-B8F4-EA088CC7D277}"
EndProject
Project("{FAE04EC0-301F-11D3-BF4B-00C04F79EFBC}") = "02. Exam Preparation", "02. Exam Preparation\02. Exam Preparation.csproj", "{B70A8173-BBD3-4E70-B81A-15EDDCB17C9B}"
EndProject
Project("{FAE04EC0-301F-11D3-BF4B-00C04F79EFBC}") = "03. Vacation", "03. Vacation\03. Vacation.csproj", "{D1014F52-3568-4013-9BFE-9F66D1554BB3}"
EndProject
Project("{FAE04EC0-301F-11D3-BF4B-00C04F79EFBC}") = "04. Walking", "04. Walking\04. Walking.csproj", "{1E2507E0-CF40-45C5-8CD6-6A2F963E5D82}"
EndProject
Project("{FAE04EC0-301F-11D3-BF4B-00C04F79EFBC}") = "05. Coins", "05. Coins\05. Coins.csproj", "{8F1CFDD5-A273-41F6-88D6-69AB98D79D10}"
EndProject
Project("{FAE04EC0-301F-11D3-BF4B-00C04F79EFBC}") = "06. Cake", "06. Cake\06. Cake.csproj", "{AC843BC2-195C-4D3C-99C9-8C065FC23784}"
EndProject
Global
	GlobalSection(SolutionConfigurationPlatforms) = preSolution
		Debug|Any CPU = Debug|Any CPU
		Release|Any CPU = Release|Any CPU
	EndGlobalSection
	GlobalSection(ProjectConfigurationPlatforms) = postSolution
		{94A8E07A-E4D7-41E0-B211-74D275CD6E2A}.Debug|Any CPU.ActiveCfg = Debug|Any CPU
		{94A8E07A-E4D7-41E0-B211-74D275CD6E2A}.Debug|Any CPU.Build.0 = Debug|Any CPU
		{94A8E07A-E4D7-41E0-B211-74D275CD6E2A}.Release|Any CPU.ActiveCfg = Release|Any CPU
		{94A8E07A-E4D7-41E0-B211-74D275CD6E2A}.Release|Any CPU.Build.0 = Release|Any CPU
		{5D1F5C98-16D3-4FD6-B8F4-EA088CC7D277}.Debug|Any CPU.ActiveCfg = Debug|Any CPU
		{5D1F5C98-16D3-4FD6-B8F4-EA088CC7D277}.Debug|Any CPU.Build.0 = Debug|Any CPU
		{5D1F5C98-16D3-4FD6-B8F4-EA088CC7D277}.Release|Any CPU.ActiveCfg = Release|Any CPU
		{5D1F5C98-16D3-4FD6-B8F4-EA088CC7D277}.Release|Any CPU.Build.0 = Release|Any CPU
		{B70A8173-BBD3-4E70-B81A-15EDDCB17C9B}.Debug|Any CPU.ActiveCfg = Debug|Any CPU
		{B70A8173-BBD3-4E70-B81A-15EDDCB17C9B}.Debug|Any CPU.Build.0 = Debug|Any CPU
		{B70A8173-BBD3-4E70-B81A-15EDDCB17C9B}.Release|Any CPU.ActiveCfg = Release|Any CPU
		{B70A8173-BBD3-4E70-B81A-15EDDCB17C9B}.Release|Any CPU.Build.0 = Release|Any CPU
		{D1014F52-3568-4013-9BFE-9F66D1554BB3}.Debug|Any CPU.ActiveCfg = Debug|Any CPU
		{D1014F52-3568-4013-9BFE-9F66D1554BB3}.Debug|Any CPU.Build.0 = Debug|Any CPU
		{D1014F52-3568-4013-9BFE-9F66D1554BB3}.Release|Any CPU.ActiveCfg = Release|Any CPU
		{D1014F52-3568-4013-9BFE-9F66D1554BB3}.Release|Any CPU.Build.0 = Release|Any CPU
		{1E2507E0-CF40-45C5-8CD6-6A2F963E5D82}.Debug|Any CPU.ActiveCfg = Debug|Any CPU
		{1E2507E0-CF40-45C5-8CD6-6A2F963E5D82}.Debug|Any CPU.Build.0 = Debug|Any CPU
		{1E2507E0-CF40-45C5-8CD6-6A2F963E5D82}.Release|Any CPU.ActiveCfg = Release|Any CPU
		{1E2507E0-CF40-45C5-8CD6-6A2F963E5D82}.Release|Any CPU.Build.0 = Release|Any CPU
		{8F1CFDD5-A273-41F6-88D6-69AB98D79D10}.Debug|Any CPU.ActiveCfg = Debug|Any CPU
		{8F1CFDD5-A273-41F6-88D6-69AB98D79D10}.Debug|Any CPU.Build.0 = Debug|Any CPU
		{8F1CFDD5-A273-41F6-88D6-69AB98D79D10}.Release|Any CPU.ActiveCfg = Release|Any CPU
		{8F1CFDD5-A273-41F6-88D6-69AB98D79D10}.Release|Any CPU.Build.0 = Release|Any CPU
		{AC843BC2-195C-4D3C-99C9-8C065FC23784}.Debug|Any CPU.ActiveCfg = Debug|Any CPU
		{AC843BC2-195C-4D3C-99C9-8C065FC23784}.Debug|Any CPU.Build.0 = Debug|Any CPU
		{AC843BC2-195C-4D3C-99C9-8C065FC23784}.Release|Any CPU.ActiveCfg = Release|Any CPU
		{AC843BC2-195C-4D3C-99C9-8C065FC23784}.Release|Any CPU.Build.0 = Release|Any CPU
	EndGlobalSection
	GlobalSection(SolutionProperties) = preSolution
		HideSolutionNode = FALSE
	EndGlobalSection
	GlobalSection(ExtensibilityGlobals) = postSolution
		SolutionGuid = {F84E410C-FF5B-47DC-BC07-E140412D9CF0}
	EndGlobalSection
EndGlobal
