
Microsoft Visual Studio Solution File, Format Version 12.00
# Visual Studio Version 16
VisualStudioVersion = 16.0.29318.209
MinimumVisualStudioVersion = 10.0.40219.1
Project("{9A19103F-16F7-4668-BE54-9A1E7A4F7556}") = "Solution", "Solution\Solution.csproj", "{C77E88BD-1F7A-4D96-8BBD-6ABE5B5D9559}"
EndProject
Project("{FAE04EC0-301F-11D3-BF4B-00C04F79EFBC}") = "01. Number Pyramid", "01. Number Pyramid\01. Number Pyramid.csproj", "{3BBDDD1E-D398-43B6-8BD4-14C1C6B50646}"
EndProject
Project("{FAE04EC0-301F-11D3-BF4B-00C04F79EFBC}") = "02. Equal Sums Even Odd Position", "02. Equal Sums Even Odd Position\02. Equal Sums Even Odd Position.csproj", "{D51F0A1A-DDCC-430E-B265-C87528098BF2}"
EndProject
Project("{FAE04EC0-301F-11D3-BF4B-00C04F79EFBC}") = "03. Sum Prime Non Prime", "03. Sum Prime Non Prime\03. Sum Prime Non Prime.csproj", "{F6620170-4C03-4E7C-93A5-CC2ADC4E4670}"
EndProject
Project("{FAE04EC0-301F-11D3-BF4B-00C04F79EFBC}") = "04. Train The Trainers", "04. Train The Trainers\04. Train The Trainers.csproj", "{C6D29D8E-C00A-442E-BE15-9FC37056058A}"
EndProject
Project("{FAE04EC0-301F-11D3-BF4B-00C04F79EFBC}") = "05. Password Generator", "05. Password Generator\05. Password Generator.csproj", "{E9F41AFB-BC0A-4F29-99D9-CE4F37DE07D6}"
EndProject
Global
	GlobalSection(SolutionConfigurationPlatforms) = preSolution
		Debug|Any CPU = Debug|Any CPU
		Release|Any CPU = Release|Any CPU
	EndGlobalSection
	GlobalSection(ProjectConfigurationPlatforms) = postSolution
		{C77E88BD-1F7A-4D96-8BBD-6ABE5B5D9559}.Debug|Any CPU.ActiveCfg = Debug|Any CPU
		{C77E88BD-1F7A-4D96-8BBD-6ABE5B5D9559}.Debug|Any CPU.Build.0 = Debug|Any CPU
		{C77E88BD-1F7A-4D96-8BBD-6ABE5B5D9559}.Release|Any CPU.ActiveCfg = Release|Any CPU
		{C77E88BD-1F7A-4D96-8BBD-6ABE5B5D9559}.Release|Any CPU.Build.0 = Release|Any CPU
		{3BBDDD1E-D398-43B6-8BD4-14C1C6B50646}.Debug|Any CPU.ActiveCfg = Debug|Any CPU
		{3BBDDD1E-D398-43B6-8BD4-14C1C6B50646}.Debug|Any CPU.Build.0 = Debug|Any CPU
		{3BBDDD1E-D398-43B6-8BD4-14C1C6B50646}.Release|Any CPU.ActiveCfg = Release|Any CPU
		{3BBDDD1E-D398-43B6-8BD4-14C1C6B50646}.Release|Any CPU.Build.0 = Release|Any CPU
		{D51F0A1A-DDCC-430E-B265-C87528098BF2}.Debug|Any CPU.ActiveCfg = Debug|Any CPU
		{D51F0A1A-DDCC-430E-B265-C87528098BF2}.Debug|Any CPU.Build.0 = Debug|Any CPU
		{D51F0A1A-DDCC-430E-B265-C87528098BF2}.Release|Any CPU.ActiveCfg = Release|Any CPU
		{D51F0A1A-DDCC-430E-B265-C87528098BF2}.Release|Any CPU.Build.0 = Release|Any CPU
		{F6620170-4C03-4E7C-93A5-CC2ADC4E4670}.Debug|Any CPU.ActiveCfg = Debug|Any CPU
		{F6620170-4C03-4E7C-93A5-CC2ADC4E4670}.Debug|Any CPU.Build.0 = Debug|Any CPU
		{F6620170-4C03-4E7C-93A5-CC2ADC4E4670}.Release|Any CPU.ActiveCfg = Release|Any CPU
		{F6620170-4C03-4E7C-93A5-CC2ADC4E4670}.Release|Any CPU.Build.0 = Release|Any CPU
		{C6D29D8E-C00A-442E-BE15-9FC37056058A}.Debug|Any CPU.ActiveCfg = Debug|Any CPU
		{C6D29D8E-C00A-442E-BE15-9FC37056058A}.Debug|Any CPU.Build.0 = Debug|Any CPU
		{C6D29D8E-C00A-442E-BE15-9FC37056058A}.Release|Any CPU.ActiveCfg = Release|Any CPU
		{C6D29D8E-C00A-442E-BE15-9FC37056058A}.Release|Any CPU.Build.0 = Release|Any CPU
		{E9F41AFB-BC0A-4F29-99D9-CE4F37DE07D6}.Debug|Any CPU.ActiveCfg = Debug|Any CPU
		{E9F41AFB-BC0A-4F29-99D9-CE4F37DE07D6}.Debug|Any CPU.Build.0 = Debug|Any CPU
		{E9F41AFB-BC0A-4F29-99D9-CE4F37DE07D6}.Release|Any CPU.ActiveCfg = Release|Any CPU
		{E9F41AFB-BC0A-4F29-99D9-CE4F37DE07D6}.Release|Any CPU.Build.0 = Release|Any CPU
	EndGlobalSection
	GlobalSection(SolutionProperties) = preSolution
		HideSolutionNode = FALSE
	EndGlobalSection
	GlobalSection(ExtensibilityGlobals) = postSolution
		SolutionGuid = {5AEBC2AC-2289-4C0B-BFB8-E76460469A44}
	EndGlobalSection
EndGlobal
