
Microsoft Visual Studio Solution File, Format Version 12.00
# Visual Studio 15
VisualStudioVersion = 15.0.28307.271
MinimumVisualStudioVersion = 10.0.40219.1
Project("{FAE04EC0-301F-11D3-BF4B-00C04F79EFBC}") = "01. Odd Lines", "01. Odd Lines\01. Odd Lines.csproj", "{EE503028-739A-4030-9290-160ECDA6E074}"
EndProject
Project("{FAE04EC0-301F-11D3-BF4B-00C04F79EFBC}") = "02. Line Numbers", "02. Line Numbers\02. Line Numbers.csproj", "{988F9290-136F-4543-BDED-36C3E3A26AE1}"
EndProject
Global
	GlobalSection(SolutionConfigurationPlatforms) = preSolution
		Debug|Any CPU = Debug|Any CPU
		Release|Any CPU = Release|Any CPU
	EndGlobalSection
	GlobalSection(ProjectConfigurationPlatforms) = postSolution
		{EE503028-739A-4030-9290-160ECDA6E074}.Debug|Any CPU.ActiveCfg = Debug|Any CPU
		{EE503028-739A-4030-9290-160ECDA6E074}.Debug|Any CPU.Build.0 = Debug|Any CPU
		{EE503028-739A-4030-9290-160ECDA6E074}.Release|Any CPU.ActiveCfg = Release|Any CPU
		{EE503028-739A-4030-9290-160ECDA6E074}.Release|Any CPU.Build.0 = Release|Any CPU
		{988F9290-136F-4543-BDED-36C3E3A26AE1}.Debug|Any CPU.ActiveCfg = Debug|Any CPU
		{988F9290-136F-4543-BDED-36C3E3A26AE1}.Debug|Any CPU.Build.0 = Debug|Any CPU
		{988F9290-136F-4543-BDED-36C3E3A26AE1}.Release|Any CPU.ActiveCfg = Release|Any CPU
		{988F9290-136F-4543-BDED-36C3E3A26AE1}.Release|Any CPU.Build.0 = Release|Any CPU
	EndGlobalSection
	GlobalSection(SolutionProperties) = preSolution
		HideSolutionNode = FALSE
	EndGlobalSection
	GlobalSection(ExtensibilityGlobals) = postSolution
		SolutionGuid = {2B71A279-3E01-4094-A787-E58FE9D85871}
	EndGlobalSection
EndGlobal
