
Microsoft Visual Studio Solution File, Format Version 12.00
# Visual Studio Version 16
VisualStudioVersion = 16.0.29318.209
MinimumVisualStudioVersion = 10.0.40219.1
Project("{FAE04EC0-301F-11D3-BF4B-00C04F79EFBC}") = "Solution", "Solution\Solution.csproj", "{689BF32C-641C-4532-8989-4DA20A81AF91}"
EndProject
Global
	GlobalSection(SolutionConfigurationPlatforms) = preSolution
		Debug|Any CPU = Debug|Any CPU
		Release|Any CPU = Release|Any CPU
	EndGlobalSection
	GlobalSection(ProjectConfigurationPlatforms) = postSolution
		{689BF32C-641C-4532-8989-4DA20A81AF91}.Debug|Any CPU.ActiveCfg = Debug|Any CPU
		{689BF32C-641C-4532-8989-4DA20A81AF91}.Debug|Any CPU.Build.0 = Debug|Any CPU
		{689BF32C-641C-4532-8989-4DA20A81AF91}.Release|Any CPU.ActiveCfg = Release|Any CPU
		{689BF32C-641C-4532-8989-4DA20A81AF91}.Release|Any CPU.Build.0 = Release|Any CPU
	EndGlobalSection
	GlobalSection(SolutionProperties) = preSolution
		HideSolutionNode = FALSE
	EndGlobalSection
	GlobalSection(ExtensibilityGlobals) = postSolution
		SolutionGuid = {609782A0-F2F3-47A5-802E-B88006AAB86B}
	EndGlobalSection
EndGlobal
