
Microsoft Visual Studio Solution File, Format Version 12.00
# Visual Studio 15
VisualStudioVersion = 15.0.28307.136
MinimumVisualStudioVersion = 10.0.40219.1
Project("{FAE04EC0-301F-11D3-BF4B-00C04F79EFBC}") = "01. Party Profit", "01. Party Profit\01. Party Profit.csproj", "{C35E0CBD-FDA4-4E8A-AC58-B2ACB2195EAF}"
EndProject
Global
	GlobalSection(SolutionConfigurationPlatforms) = preSolution
		Debug|Any CPU = Debug|Any CPU
		Release|Any CPU = Release|Any CPU
	EndGlobalSection
	GlobalSection(ProjectConfigurationPlatforms) = postSolution
		{C35E0CBD-FDA4-4E8A-AC58-B2ACB2195EAF}.Debug|Any CPU.ActiveCfg = Debug|Any CPU
		{C35E0CBD-FDA4-4E8A-AC58-B2ACB2195EAF}.Debug|Any CPU.Build.0 = Debug|Any CPU
		{C35E0CBD-FDA4-4E8A-AC58-B2ACB2195EAF}.Release|Any CPU.ActiveCfg = Release|Any CPU
		{C35E0CBD-FDA4-4E8A-AC58-B2ACB2195EAF}.Release|Any CPU.Build.0 = Release|Any CPU
	EndGlobalSection
	GlobalSection(SolutionProperties) = preSolution
		HideSolutionNode = FALSE
	EndGlobalSection
	GlobalSection(ExtensibilityGlobals) = postSolution
		SolutionGuid = {7D3669FE-6B85-4764-B378-5CA68017088A}
	EndGlobalSection
EndGlobal
