
Microsoft Visual Studio Solution File, Format Version 12.00
# Visual Studio 15
VisualStudioVersion = 15.0.28307.489
MinimumVisualStudioVersion = 10.0.40219.1
Project("{9A19103F-16F7-4668-BE54-9A1E7A4F7556}") = "1. Stealer", "1. Stealer\1. Stealer.csproj", "{EFA42E59-012D-4B79-8BF0-AC90C390EFBB}"
EndProject
Project("{FAE04EC0-301F-11D3-BF4B-00C04F79EFBC}") = "2. Attributes", "2. Atrributes\2. Attributes.csproj", "{73E314A9-72DB-47D6-8DC8-D7C921B7CF26}"
EndProject
Global
	GlobalSection(SolutionConfigurationPlatforms) = preSolution
		Debug|Any CPU = Debug|Any CPU
		Release|Any CPU = Release|Any CPU
	EndGlobalSection
	GlobalSection(ProjectConfigurationPlatforms) = postSolution
		{EFA42E59-012D-4B79-8BF0-AC90C390EFBB}.Debug|Any CPU.ActiveCfg = Debug|Any CPU
		{EFA42E59-012D-4B79-8BF0-AC90C390EFBB}.Debug|Any CPU.Build.0 = Debug|Any CPU
		{EFA42E59-012D-4B79-8BF0-AC90C390EFBB}.Release|Any CPU.ActiveCfg = Release|Any CPU
		{EFA42E59-012D-4B79-8BF0-AC90C390EFBB}.Release|Any CPU.Build.0 = Release|Any CPU
		{73E314A9-72DB-47D6-8DC8-D7C921B7CF26}.Debug|Any CPU.ActiveCfg = Debug|Any CPU
		{73E314A9-72DB-47D6-8DC8-D7C921B7CF26}.Debug|Any CPU.Build.0 = Debug|Any CPU
		{73E314A9-72DB-47D6-8DC8-D7C921B7CF26}.Release|Any CPU.ActiveCfg = Release|Any CPU
		{73E314A9-72DB-47D6-8DC8-D7C921B7CF26}.Release|Any CPU.Build.0 = Release|Any CPU
	EndGlobalSection
	GlobalSection(SolutionProperties) = preSolution
		HideSolutionNode = FALSE
	EndGlobalSection
	GlobalSection(ExtensibilityGlobals) = postSolution
		SolutionGuid = {37517E3F-F7B3-4E0C-B8D3-7C35FE5F46EF}
	EndGlobalSection
EndGlobal
