
Microsoft Visual Studio Solution File, Format Version 12.00
# Visual Studio 15
VisualStudioVersion = 15.0.28307.271
MinimumVisualStudioVersion = 10.0.40219.1
Project("{FAE04EC0-301F-11D3-BF4B-00C04F79EFBC}") = "CustomList", "CustomList\CustomList.csproj", "{966414A8-E05E-42AD-A481-FAED84CA9E3B}"
EndProject
Global
	GlobalSection(SolutionConfigurationPlatforms) = preSolution
		Debug|Any CPU = Debug|Any CPU
		Release|Any CPU = Release|Any CPU
	EndGlobalSection
	GlobalSection(ProjectConfigurationPlatforms) = postSolution
		{966414A8-E05E-42AD-A481-FAED84CA9E3B}.Debug|Any CPU.ActiveCfg = Debug|Any CPU
		{966414A8-E05E-42AD-A481-FAED84CA9E3B}.Debug|Any CPU.Build.0 = Debug|Any CPU
		{966414A8-E05E-42AD-A481-FAED84CA9E3B}.Release|Any CPU.ActiveCfg = Release|Any CPU
		{966414A8-E05E-42AD-A481-FAED84CA9E3B}.Release|Any CPU.Build.0 = Release|Any CPU
	EndGlobalSection
	GlobalSection(SolutionProperties) = preSolution
		HideSolutionNode = FALSE
	EndGlobalSection
	GlobalSection(ExtensibilityGlobals) = postSolution
		SolutionGuid = {8D446FED-7C9C-433C-8A58-51323892C3D7}
	EndGlobalSection
EndGlobal
